
Microsoft Visual Studio Solution File, Format Version 12.00
# Visual Studio 15
VisualStudioVersion = 15.0.26730.3
MinimumVisualStudioVersion = 10.0.40219.1
Project("{2150E333-8FDC-42A3-9474-1A3956D46DE8}") = "Frontend", "Frontend", "{392A8B4B-1550-4654-A9D1-B407D2A67E14}"
EndProject
Project("{FAE04EC0-301F-11D3-BF4B-00C04F79EFBC}") = "AngularWebsite", "AngularWebsite\AngularWebsite.csproj", "{2B8D79CD-D50C-429C-8854-759F37C0F6B2}"
EndProject
Global
	GlobalSection(SolutionConfigurationPlatforms) = preSolution
		Debug|Any CPU = Debug|Any CPU
		Release|Any CPU = Release|Any CPU
	EndGlobalSection
	GlobalSection(ProjectConfigurationPlatforms) = postSolution
		{2B8D79CD-D50C-429C-8854-759F37C0F6B2}.Debug|Any CPU.ActiveCfg = Debug|Any CPU
		{2B8D79CD-D50C-429C-8854-759F37C0F6B2}.Debug|Any CPU.Build.0 = Debug|Any CPU
		{2B8D79CD-D50C-429C-8854-759F37C0F6B2}.Release|Any CPU.ActiveCfg = Release|Any CPU
		{2B8D79CD-D50C-429C-8854-759F37C0F6B2}.Release|Any CPU.Build.0 = Release|Any CPU
	EndGlobalSection
	GlobalSection(SolutionProperties) = preSolution
		HideSolutionNode = FALSE
	EndGlobalSection
	GlobalSection(NestedProjects) = preSolution
		{2B8D79CD-D50C-429C-8854-759F37C0F6B2} = {392A8B4B-1550-4654-A9D1-B407D2A67E14}
	EndGlobalSection
	GlobalSection(ExtensibilityGlobals) = postSolution
		SolutionGuid = {625FA024-F379-4C85-9362-1AD83B7B3C87}
	EndGlobalSection
EndGlobal
